{
  "object": {
    "pins": [
      {
        "package": "RxSwift",
        "repositoryURL": "https://hub.fastgit.org/Guang1234567/RxSwift.git",
        "state": {
          "branch": "5.1.1_patch_support_android",
          "revision": "3e6c9e7eb0d5f6e654248fa9182e643ee40ec5fb",
          "version": null
        }
      },
      {
        "package": "swift-nio",
        "repositoryURL": "https://hub.fastgit.org/Guang1234567/swift-nio.git",
        "state": {
          "branch": "release_2.25.1",
          "revision": "c25b378161d99222d085b81f3a80154795faf3bc",
          "version": null
        }
      },
      {
        "package": "Swift_Atomics",
        "repositoryURL": "https://hub.fastgit.org/Guang1234567/Swift_Atomics.git",
        "state": {
          "branch": "master",
          "revision": "170360291102ce932d47837a3fbf4bbcc127d963",
          "version": null
        }
      },
      {
        "package": "Swift_Boost_Context",
        "repositoryURL": "https://hub.fastgit.org/Guang1234567/Swift_Boost_Context.git",
        "state": {
          "branch": "master",
          "revision": "ae95d566a512ac027c72b3cee13d10469438d2aa",
          "version": null
        }
      },
      {
        "package": "Swift_Express",
        "repositoryURL": "https://hub.fastgit.org/Guang1234567/Swift_Express.git",
        "state": {
          "branch": "base_on_swift_nio2",
          "revision": "c65e0ce177bf16d48315ceac672dbb788412a60b",
          "version": null
        }
      }
    ]
  },
  "version": 1
}
