{
  "object": {
    "pins": [
      {
        "package": "RxSwift",
        "repositoryURL": "https://hub.fastgit.org/ReactiveX/RxSwift.git",
        "state": {
          "branch": null,
          "revision": "002d325b0bdee94e7882e1114af5ff4fe1e96afa",
          "version": "5.1.1"
        }
      },
      {
        "package": "swift-nio",
        "repositoryURL": "https://hub.fastgit.org/apple/swift-nio.git",
        "state": {
          "branch": null,
          "revision": "2bae395344d41710dffab456265d534d7dc34ab8",
          "version": "2.25.0"
        }
      },
      {
        "package": "Swift_Atomics",
        "repositoryURL": "https://hub.fastgit.org/Guang1234567/Swift_Atomics.git",
        "state": {
          "branch": "master",
          "revision": "32a8c89a132c5d6d4330002dc65af2953306d3b6",
          "version": null
        }
      },
      {
        "package": "Swift_Boost_Context",
        "repositoryURL": "https://hub.fastgit.org/Guang1234567/Swift_Boost_Context.git",
        "state": {
          "branch": "master",
          "revision": "c6a9fd4c27897125a4490b938e7af3c318fd864f",
          "version": null
        }
      },
      {
        "package": "Swift_Express",
        "repositoryURL": "https://hub.fastgit.org/Guang1234567/Swift_Express.git",
        "state": {
          "branch": "base_on_swift_nio2",
          "revision": "c65e0ce177bf16d48315ceac672dbb788412a60b",
          "version": null
        }
      }
    ]
  },
  "version": 1
}
